// !$*UTF8*$!
{
	archiveVersion = 1;
	classes = {
	};
	objectVersion = 46;
	objects = {

/* Begin PBXBuildFile section */
		12A111F86F6550DD96667D58 /* Pods_Swimee0625UITests.framework in Frameworks */ = {isa = PBXBuildFile; fileRef = 70F90D4F75162C02A04A86A8 /* Pods_Swimee0625UITests.framework */; };
		6B8E4A11403677B7263C20AF /* Pods_Swimee0625Tests.framework in Frameworks */ = {isa = PBXBuildFile; fileRef = 5CD58AE92BF383D73EBFF2BB /* Pods_Swimee0625Tests.framework */; };
		9AB0E0961D1D6C99007D8479 /* AppDelegate.swift in Sources */ = {isa = PBXBuildFile; fileRef = 9AB0E0951D1D6C99007D8479 /* AppDelegate.swift */; };
		9AB0E0981D1D6C99007D8479 /* HomeViewController.swift in Sources */ = {isa = PBXBuildFile; fileRef = 9AB0E0971D1D6C99007D8479 /* HomeViewController.swift */; };
		9AB0E09B1D1D6C99007D8479 /* Main.storyboard in Resources */ = {isa = PBXBuildFile; fileRef = 9AB0E0991D1D6C99007D8479 /* Main.storyboard */; };
		9AB0E09D1D1D6C99007D8479 /* Assets.xcassets in Resources */ = {isa = PBXBuildFile; fileRef = 9AB0E09C1D1D6C99007D8479 /* Assets.xcassets */; };
		9AB0E0A01D1D6C99007D8479 /* LaunchScreen.storyboard in Resources */ = {isa = PBXBuildFile; fileRef = 9AB0E09E1D1D6C99007D8479 /* LaunchScreen.storyboard */; };
		9AB0E0AB1D1D6C99007D8479 /* Swimee0625Tests.swift in Sources */ = {isa = PBXBuildFile; fileRef = 9AB0E0AA1D1D6C99007D8479 /* Swimee0625Tests.swift */; };
		9AB0E0B61D1D6C99007D8479 /* Swimee0625UITests.swift in Sources */ = {isa = PBXBuildFile; fileRef = 9AB0E0B51D1D6C99007D8479 /* Swimee0625UITests.swift */; };
		9AB0E0C81D1D72EE007D8479 /* nameSettingCell.swift in Sources */ = {isa = PBXBuildFile; fileRef = 9AB0E0C61D1D72EE007D8479 /* nameSettingCell.swift */; };
		9AB0E0C91D1D72EE007D8479 /* nameSettingCell.xib in Resources */ = {isa = PBXBuildFile; fileRef = 9AB0E0C71D1D72EE007D8479 /* nameSettingCell.xib */; };
		9AB0E0CE1D1D75AE007D8479 /* nameCell.swift in Sources */ = {isa = PBXBuildFile; fileRef = 9AB0E0CC1D1D75AE007D8479 /* nameCell.swift */; };
		9AB0E0CF1D1D75AE007D8479 /* nameCell.xib in Resources */ = {isa = PBXBuildFile; fileRef = 9AB0E0CD1D1D75AE007D8479 /* nameCell.xib */; };
		9AB0E0D11D1D773E007D8479 /* User.swift in Sources */ = {isa = PBXBuildFile; fileRef = 9AB0E0D01D1D773E007D8479 /* User.swift */; };
		9AB0E0D41D1D8018007D8479 /* toSettingCell.swift in Sources */ = {isa = PBXBuildFile; fileRef = 9AB0E0D21D1D8018007D8479 /* toSettingCell.swift */; };
		9AB0E0D51D1D8018007D8479 /* toSettingCell.xib in Resources */ = {isa = PBXBuildFile; fileRef = 9AB0E0D31D1D8018007D8479 /* toSettingCell.xib */; };
		9AB0E0D71D1D8E64007D8479 /* SettingViewController.swift in Sources */ = {isa = PBXBuildFile; fileRef = 9AB0E0D61D1D8E64007D8479 /* SettingViewController.swift */; };
		F1A70265730823BFE4920563 /* Pods_Swimee0625.framework in Frameworks */ = {isa = PBXBuildFile; fileRef = 3AEC5D46476BE295A96233E5 /* Pods_Swimee0625.framework */; };
/* End PBXBuildFile section */

/* Begin PBXContainerItemProxy section */
		9AB0E0A71D1D6C99007D8479 /* PBXContainerItemProxy */ = {
			isa = PBXContainerItemProxy;
			containerPortal = 9AB0E08A1D1D6C99007D8479 /* Project object */;
			proxyType = 1;
			remoteGlobalIDString = 9AB0E0911D1D6C99007D8479;
			remoteInfo = Swimee0625;
		};
		9AB0E0B21D1D6C99007D8479 /* PBXContainerItemProxy */ = {
			isa = PBXContainerItemProxy;
			containerPortal = 9AB0E08A1D1D6C99007D8479 /* Project object */;
			proxyType = 1;
			remoteGlobalIDString = 9AB0E0911D1D6C99007D8479;
			remoteInfo = Swimee0625;
		};
/* End PBXContainerItemProxy section */

/* Begin PBXFileReference section */
		3AEC5D46476BE295A96233E5 /* Pods_Swimee0625.framework */ = {isa = PBXFileReference; explicitFileType = wrapper.framework; includeInIndex = 0; path = Pods_Swimee0625.framework; sourceTree = BUILT_PRODUCTS_DIR; };
		40407BDDF5FD3DD4FA1C38A3 /* Pods-Swimee0625.debug.xcconfig */ = {isa = PBXFileReference; includeInIndex = 1; lastKnownFileType = text.xcconfig; name = "Pods-Swimee0625.debug.xcconfig"; path = "Pods/Target Support Files/Pods-Swimee0625/Pods-Swimee0625.debug.xcconfig"; sourceTree = "<group>"; };
		5CD58AE92BF383D73EBFF2BB /* Pods_Swimee0625Tests.framework */ = {isa = PBXFileReference; explicitFileType = wrapper.framework; includeInIndex = 0; path = Pods_Swimee0625Tests.framework; sourceTree = BUILT_PRODUCTS_DIR; };
		70F90D4F75162C02A04A86A8 /* Pods_Swimee0625UITests.framework */ = {isa = PBXFileReference; explicitFileType = wrapper.framework; includeInIndex = 0; path = Pods_Swimee0625UITests.framework; sourceTree = BUILT_PRODUCTS_DIR; };
		81E319DBB142B79680B66DB2 /* Pods-Swimee0625UITests.release.xcconfig */ = {isa = PBXFileReference; includeInIndex = 1; lastKnownFileType = text.xcconfig; name = "Pods-Swimee0625UITests.release.xcconfig"; path = "Pods/Target Support Files/Pods-Swimee0625UITests/Pods-Swimee0625UITests.release.xcconfig"; sourceTree = "<group>"; };
		9AB0E0921D1D6C99007D8479 /* Swimee0625.app */ = {isa = PBXFileReference; explicitFileType = wrapper.application; includeInIndex = 0; path = Swimee0625.app; sourceTree = BUILT_PRODUCTS_DIR; };
		9AB0E0951D1D6C99007D8479 /* AppDelegate.swift */ = {isa = PBXFileReference; lastKnownFileType = sourcecode.swift; path = AppDelegate.swift; sourceTree = "<group>"; };
		9AB0E0971D1D6C99007D8479 /* HomeViewController.swift */ = {isa = PBXFileReference; lastKnownFileType = sourcecode.swift; path = HomeViewController.swift; sourceTree = "<group>"; };
		9AB0E09A1D1D6C99007D8479 /* Base */ = {isa = PBXFileReference; lastKnownFileType = file.storyboard; name = Base; path = Base.lproj/Main.storyboard; sourceTree = "<group>"; };
		9AB0E09C1D1D6C99007D8479 /* Assets.xcassets */ = {isa = PBXFileReference; lastKnownFileType = folder.assetcatalog; path = Assets.xcassets; sourceTree = "<group>"; };
		9AB0E09F1D1D6C99007D8479 /* Base */ = {isa = PBXFileReference; lastKnownFileType = file.storyboard; name = Base; path = Base.lproj/LaunchScreen.storyboard; sourceTree = "<group>"; };
		9AB0E0A11D1D6C99007D8479 /* Info.plist */ = {isa = PBXFileReference; lastKnownFileType = text.plist.xml; path = Info.plist; sourceTree = "<group>"; };
		9AB0E0A61D1D6C99007D8479 /* Swimee0625Tests.xctest */ = {isa = PBXFileReference; explicitFileType = wrapper.cfbundle; includeInIndex = 0; path = Swimee0625Tests.xctest; sourceTree = BUILT_PRODUCTS_DIR; };
		9AB0E0AA1D1D6C99007D8479 /* Swimee0625Tests.swift */ = {isa = PBXFileReference; lastKnownFileType = sourcecode.swift; path = Swimee0625Tests.swift; sourceTree = "<group>"; };
		9AB0E0AC1D1D6C99007D8479 /* Info.plist */ = {isa = PBXFileReference; lastKnownFileType = text.plist.xml; path = Info.plist; sourceTree = "<group>"; };
		9AB0E0B11D1D6C99007D8479 /* Swimee0625UITests.xctest */ = {isa = PBXFileReference; explicitFileType = wrapper.cfbundle; includeInIndex = 0; path = Swimee0625UITests.xctest; sourceTree = BUILT_PRODUCTS_DIR; };
		9AB0E0B51D1D6C99007D8479 /* Swimee0625UITests.swift */ = {isa = PBXFileReference; lastKnownFileType = sourcecode.swift; path = Swimee0625UITests.swift; sourceTree = "<group>"; };
		9AB0E0B71D1D6C99007D8479 /* Info.plist */ = {isa = PBXFileReference; lastKnownFileType = text.plist.xml; path = Info.plist; sourceTree = "<group>"; };
		9AB0E0C61D1D72EE007D8479 /* nameSettingCell.swift */ = {isa = PBXFileReference; fileEncoding = 4; lastKnownFileType = sourcecode.swift; path = nameSettingCell.swift; sourceTree = "<group>"; };
		9AB0E0C71D1D72EE007D8479 /* nameSettingCell.xib */ = {isa = PBXFileReference; fileEncoding = 4; lastKnownFileType = file.xib; path = nameSettingCell.xib; sourceTree = "<group>"; };
		9AB0E0CC1D1D75AE007D8479 /* nameCell.swift */ = {isa = PBXFileReference; fileEncoding = 4; lastKnownFileType = sourcecode.swift; path = nameCell.swift; sourceTree = "<group>"; };
		9AB0E0CD1D1D75AE007D8479 /* nameCell.xib */ = {isa = PBXFileReference; fileEncoding = 4; lastKnownFileType = file.xib; path = nameCell.xib; sourceTree = "<group>"; };
		9AB0E0D01D1D773E007D8479 /* User.swift */ = {isa = PBXFileReference; fileEncoding = 4; lastKnownFileType = sourcecode.swift; path = User.swift; sourceTree = "<group>"; };
		9AB0E0D21D1D8018007D8479 /* toSettingCell.swift */ = {isa = PBXFileReference; fileEncoding = 4; lastKnownFileType = sourcecode.swift; path = toSettingCell.swift; sourceTree = "<group>"; };
		9AB0E0D31D1D8018007D8479 /* toSettingCell.xib */ = {isa = PBXFileReference; fileEncoding = 4; lastKnownFileType = file.xib; path = toSettingCell.xib; sourceTree = "<group>"; };
		9AB0E0D61D1D8E64007D8479 /* SettingViewController.swift */ = {isa = PBXFileReference; fileEncoding = 4; lastKnownFileType = sourcecode.swift; path = SettingViewController.swift; sourceTree = "<group>"; };
		AC11EDD2E9D307DDF511A527 /* Pods-Swimee0625.release.xcconfig */ = {isa = PBXFileReference; includeInIndex = 1; lastKnownFileType = text.xcconfig; name = "Pods-Swimee0625.release.xcconfig"; path = "Pods/Target Support Files/Pods-Swimee0625/Pods-Swimee0625.release.xcconfig"; sourceTree = "<group>"; };
		B63E4AA72FBF85D4A0FBE459 /* Pods-Swimee0625Tests.debug.xcconfig */ = {isa = PBXFileReference; includeInIndex = 1; lastKnownFileType = text.xcconfig; name = "Pods-Swimee0625Tests.debug.xcconfig"; path = "Pods/Target Support Files/Pods-Swimee0625Tests/Pods-Swimee0625Tests.debug.xcconfig"; sourceTree = "<group>"; };
		F0A2644C56F3269A09066FAE /* Pods-Swimee0625Tests.release.xcconfig */ = {isa = PBXFileReference; includeInIndex = 1; lastKnownFileType = text.xcconfig; name = "Pods-Swimee0625Tests.release.xcconfig"; path = "Pods/Target Support Files/Pods-Swimee0625Tests/Pods-Swimee0625Tests.release.xcconfig"; sourceTree = "<group>"; };
		F80593AB6DE6EEC1BEB0D7C0 /* Pods-Swimee0625UITests.debug.xcconfig */ = {isa = PBXFileReference; includeInIndex = 1; lastKnownFileType = text.xcconfig; name = "Pods-Swimee0625UITests.debug.xcconfig"; path = "Pods/Target Support Files/Pods-Swimee0625UITests/Pods-Swimee0625UITests.debug.xcconfig"; sourceTree = "<group>"; };
/* End PBXFileReference section */

/* Begin PBXFrameworksBuildPhase section */
		9AB0E08F1D1D6C99007D8479 /* Frameworks */ = {
			isa = PBXFrameworksBuildPhase;
			buildActionMask = 2147483647;
			files = (
				F1A70265730823BFE4920563 /* Pods_Swimee0625.framework in Frameworks */,
			);
			runOnlyForDeploymentPostprocessing = 0;
		};
		9AB0E0A31D1D6C99007D8479 /* Frameworks */ = {
			isa = PBXFrameworksBuildPhase;
			buildActionMask = 2147483647;
			files = (
				6B8E4A11403677B7263C20AF /* Pods_Swimee0625Tests.framework in Frameworks */,
			);
			runOnlyForDeploymentPostprocessing = 0;
		};
		9AB0E0AE1D1D6C99007D8479 /* Frameworks */ = {
			isa = PBXFrameworksBuildPhase;
			buildActionMask = 2147483647;
			files = (
				12A111F86F6550DD96667D58 /* Pods_Swimee0625UITests.framework in Frameworks */,
			);
			runOnlyForDeploymentPostprocessing = 0;
		};
/* End PBXFrameworksBuildPhase section */

/* Begin PBXGroup section */
		9AB0E0891D1D6C99007D8479 = {
			isa = PBXGroup;
			children = (
				9AB0E0941D1D6C99007D8479 /* Swimee0625 */,
				9AB0E0A91D1D6C99007D8479 /* Swimee0625Tests */,
				9AB0E0B41D1D6C99007D8479 /* Swimee0625UITests */,
				9AB0E0931D1D6C99007D8479 /* Products */,
				F87E0998E673A6AC22BFAE45 /* Pods */,
				FB39CEB339866A63268E942E /* Frameworks */,
			);
			sourceTree = "<group>";
		};
		9AB0E0931D1D6C99007D8479 /* Products */ = {
			isa = PBXGroup;
			children = (
				9AB0E0921D1D6C99007D8479 /* Swimee0625.app */,
				9AB0E0A61D1D6C99007D8479 /* Swimee0625Tests.xctest */,
				9AB0E0B11D1D6C99007D8479 /* Swimee0625UITests.xctest */,
			);
			name = Products;
			sourceTree = "<group>";
		};
		9AB0E0941D1D6C99007D8479 /* Swimee0625 */ = {
			isa = PBXGroup;
			children = (
				9AB0E0951D1D6C99007D8479 /* AppDelegate.swift */,
				9AB0E0C31D1D721F007D8479 /* Models */,
				9AB0E0C41D1D7227007D8479 /* StoryBoards */,
				9AB0E0C51D1D7249007D8479 /* Views */,
				9AB0E09C1D1D6C99007D8479 /* Assets.xcassets */,
				9AB0E09E1D1D6C99007D8479 /* LaunchScreen.storyboard */,
				9AB0E0A11D1D6C99007D8479 /* Info.plist */,
			);
			path = Swimee0625;
			sourceTree = "<group>";
		};
		9AB0E0A91D1D6C99007D8479 /* Swimee0625Tests */ = {
			isa = PBXGroup;
			children = (
				9AB0E0AA1D1D6C99007D8479 /* Swimee0625Tests.swift */,
				9AB0E0AC1D1D6C99007D8479 /* Info.plist */,
			);
			path = Swimee0625Tests;
			sourceTree = "<group>";
		};
		9AB0E0B41D1D6C99007D8479 /* Swimee0625UITests */ = {
			isa = PBXGroup;
			children = (
				9AB0E0B51D1D6C99007D8479 /* Swimee0625UITests.swift */,
				9AB0E0B71D1D6C99007D8479 /* Info.plist */,
			);
			path = Swimee0625UITests;
			sourceTree = "<group>";
		};
		9AB0E0C31D1D721F007D8479 /* Models */ = {
			isa = PBXGroup;
			children = (
				9AB0E0D01D1D773E007D8479 /* User.swift */,
			);
			name = Models;
			sourceTree = "<group>";
		};
		9AB0E0C41D1D7227007D8479 /* StoryBoards */ = {
			isa = PBXGroup;
			children = (
				9AB0E0991D1D6C99007D8479 /* Main.storyboard */,
			);
			name = StoryBoards;
			sourceTree = "<group>";
		};
		9AB0E0C51D1D7249007D8479 /* Views */ = {
			isa = PBXGroup;
			children = (
				9AB0E0CB1D1D754B007D8479 /* Home */,
				9AB0E0CA1D1D753F007D8479 /* Setting */,
			);
			name = Views;
			sourceTree = "<group>";
		};
		9AB0E0CA1D1D753F007D8479 /* Setting */ = {
			isa = PBXGroup;
			children = (
				9AB0E0D61D1D8E64007D8479 /* SettingViewController.swift */,
				9AB0E0C61D1D72EE007D8479 /* nameSettingCell.swift */,
				9AB0E0C71D1D72EE007D8479 /* nameSettingCell.xib */,
			);
			name = Setting;
			sourceTree = "<group>";
		};
		9AB0E0CB1D1D754B007D8479 /* Home */ = {
			isa = PBXGroup;
			children = (
				9AB0E0971D1D6C99007D8479 /* HomeViewController.swift */,
				9AB0E0CC1D1D75AE007D8479 /* nameCell.swift */,
				9AB0E0CD1D1D75AE007D8479 /* nameCell.xib */,
				9AB0E0D21D1D8018007D8479 /* toSettingCell.swift */,
				9AB0E0D31D1D8018007D8479 /* toSettingCell.xib */,
			);
			name = Home;
			sourceTree = "<group>";
		};
		F87E0998E673A6AC22BFAE45 /* Pods */ = {
			isa = PBXGroup;
			children = (
				40407BDDF5FD3DD4FA1C38A3 /* Pods-Swimee0625.debug.xcconfig */,
				AC11EDD2E9D307DDF511A527 /* Pods-Swimee0625.release.xcconfig */,
				B63E4AA72FBF85D4A0FBE459 /* Pods-Swimee0625Tests.debug.xcconfig */,
				F0A2644C56F3269A09066FAE /* Pods-Swimee0625Tests.release.xcconfig */,
				F80593AB6DE6EEC1BEB0D7C0 /* Pods-Swimee0625UITests.debug.xcconfig */,
				81E319DBB142B79680B66DB2 /* Pods-Swimee0625UITests.release.xcconfig */,
			);
			name = Pods;
			sourceTree = "<group>";
		};
		FB39CEB339866A63268E942E /* Frameworks */ = {
			isa = PBXGroup;
			children = (
				3AEC5D46476BE295A96233E5 /* Pods_Swimee0625.framework */,
				5CD58AE92BF383D73EBFF2BB /* Pods_Swimee0625Tests.framework */,
				70F90D4F75162C02A04A86A8 /* Pods_Swimee0625UITests.framework */,
			);
			name = Frameworks;
			sourceTree = "<group>";
		};
/* End PBXGroup section */

/* Begin PBXNativeTarget section */
		9AB0E0911D1D6C99007D8479 /* Swimee0625 */ = {
			isa = PBXNativeTarget;
			buildConfigurationList = 9AB0E0BA1D1D6C99007D8479 /* Build configuration list for PBXNativeTarget "Swimee0625" */;
			buildPhases = (
				27AD7BF2EBEEB5274777A9EC /* 📦 Check Pods Manifest.lock */,
				9AB0E08E1D1D6C99007D8479 /* Sources */,
				9AB0E08F1D1D6C99007D8479 /* Frameworks */,
				9AB0E0901D1D6C99007D8479 /* Resources */,
				848E3DBC766FDF321FEF6F8A /* 📦 Embed Pods Frameworks */,
				4B6930F6B7D5B4F54B3ACA54 /* 📦 Copy Pods Resources */,
			);
			buildRules = (
			);
			dependencies = (
			);
			name = Swimee0625;
			productName = Swimee0625;
			productReference = 9AB0E0921D1D6C99007D8479 /* Swimee0625.app */;
			productType = "com.apple.product-type.application";
		};
		9AB0E0A51D1D6C99007D8479 /* Swimee0625Tests */ = {
			isa = PBXNativeTarget;
			buildConfigurationList = 9AB0E0BD1D1D6C99007D8479 /* Build configuration list for PBXNativeTarget "Swimee0625Tests" */;
			buildPhases = (
				24FAAE7151DCC4A0EEE96056 /* 📦 Check Pods Manifest.lock */,
				9AB0E0A21D1D6C99007D8479 /* Sources */,
				9AB0E0A31D1D6C99007D8479 /* Frameworks */,
				9AB0E0A41D1D6C99007D8479 /* Resources */,
				E928DFD9AE807C6E5EFD8C0E /* 📦 Embed Pods Frameworks */,
				ED98064100B77440FC749510 /* 📦 Copy Pods Resources */,
			);
			buildRules = (
			);
			dependencies = (
				9AB0E0A81D1D6C99007D8479 /* PBXTargetDependency */,
			);
			name = Swimee0625Tests;
			productName = Swimee0625Tests;
			productReference = 9AB0E0A61D1D6C99007D8479 /* Swimee0625Tests.xctest */;
			productType = "com.apple.product-type.bundle.unit-test";
		};
		9AB0E0B01D1D6C99007D8479 /* Swimee0625UITests */ = {
			isa = PBXNativeTarget;
			buildConfigurationList = 9AB0E0C01D1D6C99007D8479 /* Build configuration list for PBXNativeTarget "Swimee0625UITests" */;
			buildPhases = (
				CE7ACD2EB1196D0D3F65C62A /* 📦 Check Pods Manifest.lock */,
				9AB0E0AD1D1D6C99007D8479 /* Sources */,
				9AB0E0AE1D1D6C99007D8479 /* Frameworks */,
				9AB0E0AF1D1D6C99007D8479 /* Resources */,
				D889AD8F8B7BAEE556CB604E /* 📦 Copy Pods Resources */,
			);
			buildRules = (
			);
			dependencies = (
				9AB0E0B31D1D6C99007D8479 /* PBXTargetDependency */,
			);
			name = Swimee0625UITests;
			productName = Swimee0625UITests;
			productReference = 9AB0E0B11D1D6C99007D8479 /* Swimee0625UITests.xctest */;
			productType = "com.apple.product-type.bundle.ui-testing";
		};
/* End PBXNativeTarget section */

/* Begin PBXProject section */
		9AB0E08A1D1D6C99007D8479 /* Project object */ = {
			isa = PBXProject;
			attributes = {
				LastSwiftUpdateCheck = 0730;
				LastUpgradeCheck = 0730;
				ORGANIZATIONNAME = "Riku Arakawa";
				TargetAttributes = {
					9AB0E0911D1D6C99007D8479 = {
						CreatedOnToolsVersion = 7.3.1;
					};
					9AB0E0A51D1D6C99007D8479 = {
						CreatedOnToolsVersion = 7.3.1;
						TestTargetID = 9AB0E0911D1D6C99007D8479;
					};
					9AB0E0B01D1D6C99007D8479 = {
						CreatedOnToolsVersion = 7.3.1;
						TestTargetID = 9AB0E0911D1D6C99007D8479;
					};
				};
			};
			buildConfigurationList = 9AB0E08D1D1D6C99007D8479 /* Build configuration list for PBXProject "Swimee0625" */;
			compatibilityVersion = "Xcode 3.2";
			developmentRegion = English;
			hasScannedForEncodings = 0;
			knownRegions = (
				en,
				Base,
			);
			mainGroup = 9AB0E0891D1D6C99007D8479;
			productRefGroup = 9AB0E0931D1D6C99007D8479 /* Products */;
			projectDirPath = "";
			projectRoot = "";
			targets = (
				9AB0E0911D1D6C99007D8479 /* Swimee0625 */,
				9AB0E0A51D1D6C99007D8479 /* Swimee0625Tests */,
				9AB0E0B01D1D6C99007D8479 /* Swimee0625UITests */,
			);
		};
/* End PBXProject section */

/* Begin PBXResourcesBuildPhase section */
		9AB0E0901D1D6C99007D8479 /* Resources */ = {
			isa = PBXResourcesBuildPhase;
			buildActionMask = 2147483647;
			files = (
				9AB0E0A01D1D6C99007D8479 /* LaunchScreen.storyboard in Resources */,
				9AB0E09D1D1D6C99007D8479 /* Assets.xcassets in Resources */,
				9AB0E0CF1D1D75AE007D8479 /* nameCell.xib in Resources */,
				9AB0E0C91D1D72EE007D8479 /* nameSettingCell.xib in Resources */,
				9AB0E09B1D1D6C99007D8479 /* Main.storyboard in Resources */,
				9AB0E0D51D1D8018007D8479 /* toSettingCell.xib in Resources */,
			);
			runOnlyForDeploymentPostprocessing = 0;
		};
		9AB0E0A41D1D6C99007D8479 /* Resources */ = {
			isa = PBXResourcesBuildPhase;
			buildActionMask = 2147483647;
			files = (
			);
			runOnlyForDeploymentPostprocessing = 0;
		};
		9AB0E0AF1D1D6C99007D8479 /* Resources */ = {
			isa = PBXResourcesBuildPhase;
			buildActionMask = 2147483647;
			files = (
			);
			runOnlyForDeploymentPostprocessing = 0;
		};
/* End PBXResourcesBuildPhase section */

/* Begin PBXShellScriptBuildPhase section */
		24FAAE7151DCC4A0EEE96056 /* 📦 Check Pods Manifest.lock */ = {
			isa = PBXShellScriptBuildPhase;
			buildActionMask = 2147483647;
			files = (
			);
			inputPaths = (
			);
			name = "📦 Check Pods Manifest.lock";
			outputPaths = (
			);
			runOnlyForDeploymentPostprocessing = 0;
			shellPath = /bin/sh;
			shellScript = "diff \"${PODS_ROOT}/../Podfile.lock\" \"${PODS_ROOT}/Manifest.lock\" > /dev/null\nif [[ $? != 0 ]] ; then\n    cat << EOM\nerror: The sandbox is not in sync with the Podfile.lock. Run 'pod install' or update your CocoaPods installation.\nEOM\n    exit 1\nfi\n";
			showEnvVarsInLog = 0;
		};
		27AD7BF2EBEEB5274777A9EC /* 📦 Check Pods Manifest.lock */ = {
			isa = PBXShellScriptBuildPhase;
			buildActionMask = 2147483647;
			files = (
			);
			inputPaths = (
			);
			name = "📦 Check Pods Manifest.lock";
			outputPaths = (
			);
			runOnlyForDeploymentPostprocessing = 0;
			shellPath = /bin/sh;
			shellScript = "diff \"${PODS_ROOT}/../Podfile.lock\" \"${PODS_ROOT}/Manifest.lock\" > /dev/null\nif [[ $? != 0 ]] ; then\n    cat << EOM\nerror: The sandbox is not in sync with the Podfile.lock. Run 'pod install' or update your CocoaPods installation.\nEOM\n    exit 1\nfi\n";
			showEnvVarsInLog = 0;
		};
		4B6930F6B7D5B4F54B3ACA54 /* 📦 Copy Pods Resources */ = {
			isa = PBXShellScriptBuildPhase;
			buildActionMask = 2147483647;
			files = (
			);
			inputPaths = (
			);
			name = "📦 Copy Pods Resources";
			outputPaths = (
			);
			runOnlyForDeploymentPostprocessing = 0;
			shellPath = /bin/sh;
			shellScript = "\"${SRCROOT}/Pods/Target Support Files/Pods-Swimee0625/Pods-Swimee0625-resources.sh\"\n";
			showEnvVarsInLog = 0;
		};
		848E3DBC766FDF321FEF6F8A /* 📦 Embed Pods Frameworks */ = {
			isa = PBXShellScriptBuildPhase;
			buildActionMask = 2147483647;
			files = (
			);
			inputPaths = (
			);
			name = "📦 Embed Pods Frameworks";
			outputPaths = (
			);
			runOnlyForDeploymentPostprocessing = 0;
			shellPath = /bin/sh;
			shellScript = "\"${SRCROOT}/Pods/Target Support Files/Pods-Swimee0625/Pods-Swimee0625-frameworks.sh\"\n";
			showEnvVarsInLog = 0;
		};
		CE7ACD2EB1196D0D3F65C62A /* 📦 Check Pods Manifest.lock */ = {
			isa = PBXShellScriptBuildPhase;
			buildActionMask = 2147483647;
			files = (
			);
			inputPaths = (
			);
			name = "📦 Check Pods Manifest.lock";
			outputPaths = (
			);
			runOnlyForDeploymentPostprocessing = 0;
			shellPath = /bin/sh;
			shellScript = "diff \"${PODS_ROOT}/../Podfile.lock\" \"${PODS_ROOT}/Manifest.lock\" > /dev/null\nif [[ $? != 0 ]] ; then\n    cat << EOM\nerror: The sandbox is not in sync with the Podfile.lock. Run 'pod install' or update your CocoaPods installation.\nEOM\n    exit 1\nfi\n";
			showEnvVarsInLog = 0;
		};
		D889AD8F8B7BAEE556CB604E /* 📦 Copy Pods Resources */ = {
			isa = PBXShellScriptBuildPhase;
			buildActionMask = 2147483647;
			files = (
			);
			inputPaths = (
			);
			name = "📦 Copy Pods Resources";
			outputPaths = (
			);
			runOnlyForDeploymentPostprocessing = 0;
			shellPath = /bin/sh;
			shellScript = "\"${SRCROOT}/Pods/Target Support Files/Pods-Swimee0625UITests/Pods-Swimee0625UITests-resources.sh\"\n";
			showEnvVarsInLog = 0;
		};
		E928DFD9AE807C6E5EFD8C0E /* 📦 Embed Pods Frameworks */ = {
			isa = PBXShellScriptBuildPhase;
			buildActionMask = 2147483647;
			files = (
			);
			inputPaths = (
			);
			name = "📦 Embed Pods Frameworks";
			outputPaths = (
			);
			runOnlyForDeploymentPostprocessing = 0;
			shellPath = /bin/sh;
			shellScript = "\"${SRCROOT}/Pods/Target Support Files/Pods-Swimee0625Tests/Pods-Swimee0625Tests-frameworks.sh\"\n";
			showEnvVarsInLog = 0;
		};
		ED98064100B77440FC749510 /* 📦 Copy Pods Resources */ = {
			isa = PBXShellScriptBuildPhase;
			buildActionMask = 2147483647;
			files = (
			);
			inputPaths = (
			);
			name = "📦 Copy Pods Resources";
			outputPaths = (
			);
			runOnlyForDeploymentPostprocessing = 0;
			shellPath = /bin/sh;
			shellScript = "\"${SRCROOT}/Pods/Target Support Files/Pods-Swimee0625Tests/Pods-Swimee0625Tests-resources.sh\"\n";
			showEnvVarsInLog = 0;
		};
/* End PBXShellScriptBuildPhase section */

/* Begin PBXSourcesBuildPhase section */
		9AB0E08E1D1D6C99007D8479 /* Sources */ = {
			isa = PBXSourcesBuildPhase;
			buildActionMask = 2147483647;
			files = (
				9AB0E0981D1D6C99007D8479 /* HomeViewController.swift in Sources */,
				9AB0E0961D1D6C99007D8479 /* AppDelegate.swift in Sources */,
				9AB0E0CE1D1D75AE007D8479 /* nameCell.swift in Sources */,
				9AB0E0D11D1D773E007D8479 /* User.swift in Sources */,
				9AB0E0C81D1D72EE007D8479 /* nameSettingCell.swift in Sources */,
				9AB0E0D71D1D8E64007D8479 /* SettingViewController.swift in Sources */,
				9AB0E0D41D1D8018007D8479 /* toSettingCell.swift in Sources */,
			);
			runOnlyForDeploymentPostprocessing = 0;
		};
		9AB0E0A21D1D6C99007D8479 /* Sources */ = {
			isa = PBXSourcesBuildPhase;
			buildActionMask = 2147483647;
			files = (
				9AB0E0AB1D1D6C99007D8479 /* Swimee0625Tests.swift in Sources */,
			);
			runOnlyForDeploymentPostprocessing = 0;
		};
		9AB0E0AD1D1D6C99007D8479 /* Sources */ = {
			isa = PBXSourcesBuildPhase;
			buildActionMask = 2147483647;
			files = (
				9AB0E0B61D1D6C99007D8479 /* Swimee0625UITests.swift in Sources */,
			);
			runOnlyForDeploymentPostprocessing = 0;
		};
/* End PBXSourcesBuildPhase section */

/* Begin PBXTargetDependency section */
		9AB0E0A81D1D6C99007D8479 /* PBXTargetDependency */ = {
			isa = PBXTargetDependency;
			target = 9AB0E0911D1D6C99007D8479 /* Swimee0625 */;
			targetProxy = 9AB0E0A71D1D6C99007D8479 /* PBXContainerItemProxy */;
		};
		9AB0E0B31D1D6C99007D8479 /* PBXTargetDependency */ = {
			isa = PBXTargetDependency;
			target = 9AB0E0911D1D6C99007D8479 /* Swimee0625 */;
			targetProxy = 9AB0E0B21D1D6C99007D8479 /* PBXContainerItemProxy */;
		};
/* End PBXTargetDependency section */

/* Begin PBXVariantGroup section */
		9AB0E0991D1D6C99007D8479 /* Main.storyboard */ = {
			isa = PBXVariantGroup;
			children = (
				9AB0E09A1D1D6C99007D8479 /* Base */,
			);
			name = Main.storyboard;
			sourceTree = "<group>";
		};
		9AB0E09E1D1D6C99007D8479 /* LaunchScreen.storyboard */ = {
			isa = PBXVariantGroup;
			children = (
				9AB0E09F1D1D6C99007D8479 /* Base */,
			);
			name = LaunchScreen.storyboard;
			sourceTree = "<group>";
		};
/* End PBXVariantGroup section */

/* Begin XCBuildConfiguration section */
		9AB0E0B81D1D6C99007D8479 /* Debug */ = {
			isa = XCBuildConfiguration;
			buildSettings = {
				ALWAYS_SEARCH_USER_PATHS = NO;
				CLANG_ANALYZER_NONNULL = YES;
				CLANG_CXX_LANGUAGE_STANDARD = "gnu++0x";
				CLANG_CXX_LIBRARY = "libc++";
				CLANG_ENABLE_MODULES = YES;
				CLANG_ENABLE_OBJC_ARC = YES;
				CLANG_WARN_BOOL_CONVERSION = YES;
				CLANG_WARN_CONSTANT_CONVERSION = YES;
				CLANG_WARN_DIRECT_OBJC_ISA_USAGE = YES_ERROR;
				CLANG_WARN_EMPTY_BODY = YES;
				CLANG_WARN_ENUM_CONVERSION = YES;
				CLANG_WARN_INT_CONVERSION = YES;
				CLANG_WARN_OBJC_ROOT_CLASS = YES_ERROR;
				CLANG_WARN_UNREACHABLE_CODE = YES;
				CLANG_WARN__DUPLICATE_METHOD_MATCH = YES;
				"CODE_SIGN_IDENTITY[sdk=iphoneos*]" = "iPhone Developer";
				COPY_PHASE_STRIP = NO;
				DEBUG_INFORMATION_FORMAT = dwarf;
				ENABLE_STRICT_OBJC_MSGSEND = YES;
				ENABLE_TESTABILITY = YES;
				GCC_C_LANGUAGE_STANDARD = gnu99;
				GCC_DYNAMIC_NO_PIC = NO;
				GCC_NO_COMMON_BLOCKS = YES;
				GCC_OPTIMIZATION_LEVEL = 0;
				GCC_PREPROCESSOR_DEFINITIONS = (
					"DEBUG=1",
					"$(inherited)",
				);
				GCC_WARN_64_TO_32_BIT_CONVERSION = YES;
				GCC_WARN_ABOUT_RETURN_TYPE = YES_ERROR;
				GCC_WARN_UNDECLARED_SELECTOR = YES;
				GCC_WARN_UNINITIALIZED_AUTOS = YES_AGGRESSIVE;
				GCC_WARN_UNUSED_FUNCTION = YES;
				GCC_WARN_UNUSED_VARIABLE = YES;
				IPHONEOS_DEPLOYMENT_TARGET = 9.3;
				MTL_ENABLE_DEBUG_INFO = YES;
				ONLY_ACTIVE_ARCH = YES;
				SDKROOT = iphoneos;
				SWIFT_OPTIMIZATION_LEVEL = "-Onone";
			};
			name = Debug;
		};
		9AB0E0B91D1D6C99007D8479 /* Release */ = {
			isa = XCBuildConfiguration;
			buildSettings = {
				ALWAYS_SEARCH_USER_PATHS = NO;
				CLANG_ANALYZER_NONNULL = YES;
				CLANG_CXX_LANGUAGE_STANDARD = "gnu++0x";
				CLANG_CXX_LIBRARY = "libc++";
				CLANG_ENABLE_MODULES = YES;
				CLANG_ENABLE_OBJC_ARC = YES;
				CLANG_WARN_BOOL_CONVERSION = YES;
				CLANG_WARN_CONSTANT_CONVERSION = YES;
				CLANG_WARN_DIRECT_OBJC_ISA_USAGE = YES_ERROR;
				CLANG_WARN_EMPTY_BODY = YES;
				CLANG_WARN_ENUM_CONVERSION = YES;
				CLANG_WARN_INT_CONVERSION = YES;
				CLANG_WARN_OBJC_ROOT_CLASS = YES_ERROR;
				CLANG_WARN_UNREACHABLE_CODE = YES;
				CLANG_WARN__DUPLICATE_METHOD_MATCH = YES;
				"CODE_SIGN_IDENTITY[sdk=iphoneos*]" = "iPhone Developer";
				COPY_PHASE_STRIP = NO;
				DEBUG_INFORMATION_FORMAT = "dwarf-with-dsym";
				ENABLE_NS_ASSERTIONS = NO;
				ENABLE_STRICT_OBJC_MSGSEND = YES;
				GCC_C_LANGUAGE_STANDARD = gnu99;
				GCC_NO_COMMON_BLOCKS = YES;
				GCC_WARN_64_TO_32_BIT_CONVERSION = YES;
				GCC_WARN_ABOUT_RETURN_TYPE = YES_ERROR;
				GCC_WARN_UNDECLARED_SELECTOR = YES;
				GCC_WARN_UNINITIALIZED_AUTOS = YES_AGGRESSIVE;
				GCC_WARN_UNUSED_FUNCTION = YES;
				GCC_WARN_UNUSED_VARIABLE = YES;
				IPHONEOS_DEPLOYMENT_TARGET = 9.3;
				MTL_ENABLE_DEBUG_INFO = NO;
				SDKROOT = iphoneos;
				VALIDATE_PRODUCT = YES;
			};
			name = Release;
		};
		9AB0E0BB1D1D6C99007D8479 /* Debug */ = {
			isa = XCBuildConfiguration;
			baseConfigurationReference = 40407BDDF5FD3DD4FA1C38A3 /* Pods-Swimee0625.debug.xcconfig */;
			buildSettings = {
				ASSETCATALOG_COMPILER_APPICON_NAME = AppIcon;
				INFOPLIST_FILE = Swimee0625/Info.plist;
				LD_RUNPATH_SEARCH_PATHS = "$(inherited) @executable_path/Frameworks";
				PRODUCT_BUNDLE_IDENTIFIER = rikky0611.Swimee0625;
				PRODUCT_NAME = "$(TARGET_NAME)";
			};
			name = Debug;
		};
		9AB0E0BC1D1D6C99007D8479 /* Release */ = {
			isa = XCBuildConfiguration;
			baseConfigurationReference = AC11EDD2E9D307DDF511A527 /* Pods-Swimee0625.release.xcconfig */;
			buildSettings = {
				ASSETCATALOG_COMPILER_APPICON_NAME = AppIcon;
				INFOPLIST_FILE = Swimee0625/Info.plist;
				LD_RUNPATH_SEARCH_PATHS = "$(inherited) @executable_path/Frameworks";
				PRODUCT_BUNDLE_IDENTIFIER = rikky0611.Swimee0625;
				PRODUCT_NAME = "$(TARGET_NAME)";
			};
			name = Release;
		};
		9AB0E0BE1D1D6C99007D8479 /* Debug */ = {
			isa = XCBuildConfiguration;
			baseConfigurationReference = B63E4AA72FBF85D4A0FBE459 /* Pods-Swimee0625Tests.debug.xcconfig */;
			buildSettings = {
				BUNDLE_LOADER = "$(TEST_HOST)";
				INFOPLIST_FILE = Swimee0625Tests/Info.plist;
				LD_RUNPATH_SEARCH_PATHS = "$(inherited) @executable_path/Frameworks @loader_path/Frameworks";
				PRODUCT_BUNDLE_IDENTIFIER = rikky0611.Swimee0625Tests;
				PRODUCT_NAME = "$(TARGET_NAME)";
				TEST_HOST = "$(BUILT_PRODUCTS_DIR)/Swimee0625.app/Swimee0625";
			};
			name = Debug;
		};
		9AB0E0BF1D1D6C99007D8479 /* Release */ = {
			isa = XCBuildConfiguration;
			baseConfigurationReference = F0A2644C56F3269A09066FAE /* Pods-Swimee0625Tests.release.xcconfig */;
			buildSettings = {
				BUNDLE_LOADER = "$(TEST_HOST)";
				INFOPLIST_FILE = Swimee0625Tests/Info.plist;
				LD_RUNPATH_SEARCH_PATHS = "$(inherited) @executable_path/Frameworks @loader_path/Frameworks";
				PRODUCT_BUNDLE_IDENTIFIER = rikky0611.Swimee0625Tests;
				PRODUCT_NAME = "$(TARGET_NAME)";
				TEST_HOST = "$(BUILT_PRODUCTS_DIR)/Swimee0625.app/Swimee0625";
			};
			name = Release;
		};
		9AB0E0C11D1D6C99007D8479 /* Debug */ = {
			isa = XCBuildConfiguration;
			baseConfigurationReference = F80593AB6DE6EEC1BEB0D7C0 /* Pods-Swimee0625UITests.debug.xcconfig */;
			buildSettings = {
				INFOPLIST_FILE = Swimee0625UITests/Info.plist;
				LD_RUNPATH_SEARCH_PATHS = "$(inherited) @executable_path/Frameworks @loader_path/Frameworks";
				PRODUCT_BUNDLE_IDENTIFIER = rikky0611.Swimee0625UITests;
				PRODUCT_NAME = "$(TARGET_NAME)";
				TEST_TARGET_NAME = Swimee0625;
			};
			name = Debug;
		};
		9AB0E0C21D1D6C99007D8479 /* Release */ = {
			isa = XCBuildConfiguration;
			baseConfigurationReference = 81E319DBB142B79680B66DB2 /* Pods-Swimee0625UITests.release.xcconfig */;
			buildSettings = {
				INFOPLIST_FILE = Swimee0625UITests/Info.plist;
				LD_RUNPATH_SEARCH_PATHS = "$(inherited) @executable_path/Frameworks @loader_path/Frameworks";
				PRODUCT_BUNDLE_IDENTIFIER = rikky0611.Swimee0625UITests;
				PRODUCT_NAME = "$(TARGET_NAME)";
				TEST_TARGET_NAME = Swimee0625;
			};
			name = Release;
		};
/* End XCBuildConfiguration section */

/* Begin XCConfigurationList section */
		9AB0E08D1D1D6C99007D8479 /* Build configuration list for PBXProject "Swimee0625" */ = {
			isa = XCConfigurationList;
			buildConfigurations = (
				9AB0E0B81D1D6C99007D8479 /* Debug */,
				9AB0E0B91D1D6C99007D8479 /* Release */,
			);
			defaultConfigurationIsVisible = 0;
			defaultConfigurationName = Release;
		};
		9AB0E0BA1D1D6C99007D8479 /* Build configuration list for PBXNativeTarget "Swimee0625" */ = {
			isa = XCConfigurationList;
			buildConfigurations = (
				9AB0E0BB1D1D6C99007D8479 /* Debug */,
				9AB0E0BC1D1D6C99007D8479 /* Release */,
			);
			defaultConfigurationIsVisible = 0;
			defaultConfigurationName = Release;
		};
		9AB0E0BD1D1D6C99007D8479 /* Build configuration list for PBXNativeTarget "Swimee0625Tests" */ = {
			isa = XCConfigurationList;
			buildConfigurations = (
				9AB0E0BE1D1D6C99007D8479 /* Debug */,
				9AB0E0BF1D1D6C99007D8479 /* Release */,
			);
			defaultConfigurationIsVisible = 0;
			defaultConfigurationName = Release;
		};
		9AB0E0C01D1D6C99007D8479 /* Build configuration list for PBXNativeTarget "Swimee0625UITests" */ = {
			isa = XCConfigurationList;
			buildConfigurations = (
				9AB0E0C11D1D6C99007D8479 /* Debug */,
				9AB0E0C21D1D6C99007D8479 /* Release */,
			);
			defaultConfigurationIsVisible = 0;
			defaultConfigurationName = Release;
		};
/* End XCConfigurationList section */
	};
	rootObject = 9AB0E08A1D1D6C99007D8479 /* Project object */;
}
